
Microsoft Visual Studio Solution File, Format Version 12.00
# Visual Studio Version 17
VisualStudioVersion = 17.3.32922.545
MinimumVisualStudioVersion = 10.0.40219.1
Project("{FAE04EC0-301F-11D3-BF4B-00C04F79EFBC}") = "Shape", "Shape\Shape.csproj", "{51F4A4D1-50FC-470D-99FB-F69D2CB90744}"
EndProject
Global
	GlobalSection(SolutionConfigurationPlatforms) = preSolution
		Debug|Any CPU = Debug|Any CPU
		Release|Any CPU = Release|Any CPU
	EndGlobalSection
	GlobalSection(ProjectConfigurationPlatforms) = postSolution
		{51F4A4D1-50FC-470D-99FB-F69D2CB90744}.Debug|Any CPU.ActiveCfg = Debug|Any CPU
		{51F4A4D1-50FC-470D-99FB-F69D2CB90744}.Debug|Any CPU.Build.0 = Debug|Any CPU
		{51F4A4D1-50FC-470D-99FB-F69D2CB90744}.Release|Any CPU.ActiveCfg = Release|Any CPU
		{51F4A4D1-50FC-470D-99FB-F69D2CB90744}.Release|Any CPU.Build.0 = Release|Any CPU
	EndGlobalSection
	GlobalSection(SolutionProperties) = preSolution
		HideSolutionNode = FALSE
	EndGlobalSection
	GlobalSection(ExtensibilityGlobals) = postSolution
		SolutionGuid = {86397D3F-96AA-4EEC-995A-1081FAD20F2F}
	EndGlobalSection
EndGlobal
